
Microsoft Visual Studio Solution File, Format Version 12.00
# Visual Studio Version 16
VisualStudioVersion = 16.0.32228.343
MinimumVisualStudioVersion = 10.0.40219.1
Project("{FAE04EC0-301F-11D3-BF4B-00C04F79EFBC}") = "Snake", "Snake\Snake.csproj", "{C497549E-CD29-4D2C-89CB-98B3A3337914}"
EndProject
Project("{FAE04EC0-301F-11D3-BF4B-00C04F79EFBC}") = "InterfataUtilizator_WindowsForms", "InterfataUtilizator_WindowsForms\InterfataUtilizator_WindowsForms.csproj", "{F2063A01-66B4-4043-AB4A-E41C354D3F30}"
EndProject
Global
	GlobalSection(SolutionConfigurationPlatforms) = preSolution
		Debug|Any CPU = Debug|Any CPU
		Release|Any CPU = Release|Any CPU
	EndGlobalSection
	GlobalSection(ProjectConfigurationPlatforms) = postSolution
		{C497549E-CD29-4D2C-89CB-98B3A3337914}.Debug|Any CPU.ActiveCfg = Debug|Any CPU
		{C497549E-CD29-4D2C-89CB-98B3A3337914}.Debug|Any CPU.Build.0 = Debug|Any CPU
		{C497549E-CD29-4D2C-89CB-98B3A3337914}.Release|Any CPU.ActiveCfg = Release|Any CPU
		{C497549E-CD29-4D2C-89CB-98B3A3337914}.Release|Any CPU.Build.0 = Release|Any CPU
		{F2063A01-66B4-4043-AB4A-E41C354D3F30}.Debug|Any CPU.ActiveCfg = Debug|Any CPU
		{F2063A01-66B4-4043-AB4A-E41C354D3F30}.Debug|Any CPU.Build.0 = Debug|Any CPU
		{F2063A01-66B4-4043-AB4A-E41C354D3F30}.Release|Any CPU.ActiveCfg = Release|Any CPU
		{F2063A01-66B4-4043-AB4A-E41C354D3F30}.Release|Any CPU.Build.0 = Release|Any CPU
	EndGlobalSection
	GlobalSection(SolutionProperties) = preSolution
		HideSolutionNode = FALSE
	EndGlobalSection
	GlobalSection(ExtensibilityGlobals) = postSolution
		SolutionGuid = {500DF4AE-8173-476F-A014-060B46294989}
	EndGlobalSection
EndGlobal
